
Microsoft Visual Studio Solution File, Format Version 12.00
# Visual Studio 2012
Project("{FAE04EC0-301F-11D3-BF4B-00C04F79EFBC}") = "TfsTaskCreator", "TfsTaskCreator\TfsTaskCreator.csproj", "{9B4C8741-1501-40C0-9ABA-456602C3D8C9}"
EndProject
Project("{FAE04EC0-301F-11D3-BF4B-00C04F79EFBC}") = "TfsTaskCreator_Test", "TfsTaskCreator_Test\TfsTaskCreator_Test.csproj", "{8409FA9E-381D-476A-A37B-68C4AA65D268}"
EndProject
Global
	GlobalSection(SolutionConfigurationPlatforms) = preSolution
		Debug|Any CPU = Debug|Any CPU
		Release|Any CPU = Release|Any CPU
	EndGlobalSection
	GlobalSection(ProjectConfigurationPlatforms) = postSolution
		{9B4C8741-1501-40C0-9ABA-456602C3D8C9}.Debug|Any CPU.ActiveCfg = Debug|Any CPU
		{9B4C8741-1501-40C0-9ABA-456602C3D8C9}.Debug|Any CPU.Build.0 = Debug|Any CPU
		{9B4C8741-1501-40C0-9ABA-456602C3D8C9}.Release|Any CPU.ActiveCfg = Release|Any CPU
		{9B4C8741-1501-40C0-9ABA-456602C3D8C9}.Release|Any CPU.Build.0 = Release|Any CPU
		{8409FA9E-381D-476A-A37B-68C4AA65D268}.Debug|Any CPU.ActiveCfg = Debug|Any CPU
		{8409FA9E-381D-476A-A37B-68C4AA65D268}.Debug|Any CPU.Build.0 = Debug|Any CPU
		{8409FA9E-381D-476A-A37B-68C4AA65D268}.Release|Any CPU.ActiveCfg = Release|Any CPU
		{8409FA9E-381D-476A-A37B-68C4AA65D268}.Release|Any CPU.Build.0 = Release|Any CPU
	EndGlobalSection
	GlobalSection(SolutionProperties) = preSolution
		HideSolutionNode = FALSE
	EndGlobalSection
EndGlobal
